
Microsoft Visual Studio Solution File, Format Version 12.00
# Visual Studio 15
Project("{FAE04EC0-301F-11D3-BF4B-00C04F79EFBC}") = "UnityEngine.TestRunner", "UnityEngine.TestRunner.csproj", "{B248DE51-708E-7327-7E57-4BFA6293DD91}"
EndProject
Project("{FAE04EC0-301F-11D3-BF4B-00C04F79EFBC}") = "Unity.Timeline", "Unity.Timeline.csproj", "{6894B489-D2AE-BD66-1CD6-BE9B860113BE}"
EndProject
Project("{FAE04EC0-301F-11D3-BF4B-00C04F79EFBC}") = "Unity.TextMeshPro", "Unity.TextMeshPro.csproj", "{6C8001B8-9CD3-370F-A2BE-8E797731D7D7}"
EndProject
Project("{FAE04EC0-301F-11D3-BF4B-00C04F79EFBC}") = "Assembly-CSharp", "Assembly-CSharp.csproj", "{66C29D89-CF32-460F-4160-FE4615F0ADA7}"
EndProject
Project("{FAE04EC0-301F-11D3-BF4B-00C04F79EFBC}") = "UnityEditor.TestRunner", "UnityEditor.TestRunner.csproj", "{19AF4F74-4C86-21E1-1C36-964F1273729F}"
EndProject
Project("{FAE04EC0-301F-11D3-BF4B-00C04F79EFBC}") = "Unity.PlasticSCM.Editor", "Unity.PlasticSCM.Editor.csproj", "{BEC5CB16-6BEB-5CE3-95BD-F4A74B8F6223}"
EndProject
Project("{FAE04EC0-301F-11D3-BF4B-00C04F79EFBC}") = "Unity.Services.Core.Editor", "Unity.Services.Core.Editor.csproj", "{316E1B64-7443-C327-69A2-070EBB174195}"
EndProject
Project("{FAE04EC0-301F-11D3-BF4B-00C04F79EFBC}") = "Unity.Timeline.Editor", "Unity.Timeline.Editor.csproj", "{67E402F0-56AE-FE1B-54A8-0424520C644C}"
EndProject
Project("{FAE04EC0-301F-11D3-BF4B-00C04F79EFBC}") = "Unity.VisualStudio.Editor", "Unity.VisualStudio.Editor.csproj", "{0AC43DFE-577B-B234-35D5-5E82A9954CB2}"
EndProject
Project("{FAE04EC0-301F-11D3-BF4B-00C04F79EFBC}") = "Unity.TextMeshPro.Editor", "Unity.TextMeshPro.Editor.csproj", "{48CFF5E7-1458-85AD-1C82-43342F2C5C0F}"
EndProject
Project("{FAE04EC0-301F-11D3-BF4B-00C04F79EFBC}") = "Unity.CollabProxy.Editor", "Unity.CollabProxy.Editor.csproj", "{741B2330-3967-46AC-7258-42622C59A7AF}"
EndProject
Project("{FAE04EC0-301F-11D3-BF4B-00C04F79EFBC}") = "Unity.Rider.Editor", "Unity.Rider.Editor.csproj", "{E997BFC3-59E1-2E06-2B01-567B3E39FF63}"
EndProject
Project("{FAE04EC0-301F-11D3-BF4B-00C04F79EFBC}") = "Unity.VSCode.Editor", "Unity.VSCode.Editor.csproj", "{ECFDADC0-D3A5-B3DC-FFE5-CFA9A10CCC1B}"
EndProject
Global
	GlobalSection(SolutionConfigurationPlatforms) = preSolution
		Debug|Any CPU = Debug|Any CPU
		Release|Any CPU = Release|Any CPU
	EndGlobalSection
	GlobalSection(ProjectConfigurationPlatforms) = postSolution
		{B248DE51-708E-7327-7E57-4BFA6293DD91}.Debug|Any CPU.ActiveCfg = Debug|Any CPU
		{B248DE51-708E-7327-7E57-4BFA6293DD91}.Debug|Any CPU.Build.0 = Debug|Any CPU
		{B248DE51-708E-7327-7E57-4BFA6293DD91}.Release|Any CPU.ActiveCfg = Release|Any CPU
		{B248DE51-708E-7327-7E57-4BFA6293DD91}.Release|Any CPU.Build.0 = Release|Any CPU
		{6894B489-D2AE-BD66-1CD6-BE9B860113BE}.Debug|Any CPU.ActiveCfg = Debug|Any CPU
		{6894B489-D2AE-BD66-1CD6-BE9B860113BE}.Debug|Any CPU.Build.0 = Debug|Any CPU
		{6894B489-D2AE-BD66-1CD6-BE9B860113BE}.Release|Any CPU.ActiveCfg = Release|Any CPU
		{6894B489-D2AE-BD66-1CD6-BE9B860113BE}.Release|Any CPU.Build.0 = Release|Any CPU
		{6C8001B8-9CD3-370F-A2BE-8E797731D7D7}.Debug|Any CPU.ActiveCfg = Debug|Any CPU
		{6C8001B8-9CD3-370F-A2BE-8E797731D7D7}.Debug|Any CPU.Build.0 = Debug|Any CPU
		{6C8001B8-9CD3-370F-A2BE-8E797731D7D7}.Release|Any CPU.ActiveCfg = Release|Any CPU
		{6C8001B8-9CD3-370F-A2BE-8E797731D7D7}.Release|Any CPU.Build.0 = Release|Any CPU
		{66C29D89-CF32-460F-4160-FE4615F0ADA7}.Debug|Any CPU.ActiveCfg = Debug|Any CPU
		{66C29D89-CF32-460F-4160-FE4615F0ADA7}.Debug|Any CPU.Build.0 = Debug|Any CPU
		{66C29D89-CF32-460F-4160-FE4615F0ADA7}.Release|Any CPU.ActiveCfg = Release|Any CPU
		{66C29D89-CF32-460F-4160-FE4615F0ADA7}.Release|Any CPU.Build.0 = Release|Any CPU
		{19AF4F74-4C86-21E1-1C36-964F1273729F}.Debug|Any CPU.ActiveCfg = Debug|Any CPU
		{19AF4F74-4C86-21E1-1C36-964F1273729F}.Debug|Any CPU.Build.0 = Debug|Any CPU
		{19AF4F74-4C86-21E1-1C36-964F1273729F}.Release|Any CPU.ActiveCfg = Release|Any CPU
		{19AF4F74-4C86-21E1-1C36-964F1273729F}.Release|Any CPU.Build.0 = Release|Any CPU
		{BEC5CB16-6BEB-5CE3-95BD-F4A74B8F6223}.Debug|Any CPU.ActiveCfg = Debug|Any CPU
		{BEC5CB16-6BEB-5CE3-95BD-F4A74B8F6223}.Debug|Any CPU.Build.0 = Debug|Any CPU
		{BEC5CB16-6BEB-5CE3-95BD-F4A74B8F6223}.Release|Any CPU.ActiveCfg = Release|Any CPU
		{BEC5CB16-6BEB-5CE3-95BD-F4A74B8F6223}.Release|Any CPU.Build.0 = Release|Any CPU
		{316E1B64-7443-C327-69A2-070EBB174195}.Debug|Any CPU.ActiveCfg = Debug|Any CPU
		{316E1B64-7443-C327-69A2-070EBB174195}.Debug|Any CPU.Build.0 = Debug|Any CPU
		{316E1B64-7443-C327-69A2-070EBB174195}.Release|Any CPU.ActiveCfg = Release|Any CPU
		{316E1B64-7443-C327-69A2-070EBB174195}.Release|Any CPU.Build.0 = Release|Any CPU
		{67E402F0-56AE-FE1B-54A8-0424520C644C}.Debug|Any CPU.ActiveCfg = Debug|Any CPU
		{67E402F0-56AE-FE1B-54A8-0424520C644C}.Debug|Any CPU.Build.0 = Debug|Any CPU
		{67E402F0-56AE-FE1B-54A8-0424520C644C}.Release|Any CPU.ActiveCfg = Release|Any CPU
		{67E402F0-56AE-FE1B-54A8-0424520C644C}.Release|Any CPU.Build.0 = Release|Any CPU
		{0AC43DFE-577B-B234-35D5-5E82A9954CB2}.Debug|Any CPU.ActiveCfg = Debug|Any CPU
		{0AC43DFE-577B-B234-35D5-5E82A9954CB2}.Debug|Any CPU.Build.0 = Debug|Any CPU
		{0AC43DFE-577B-B234-35D5-5E82A9954CB2}.Release|Any CPU.ActiveCfg = Release|Any CPU
		{0AC43DFE-577B-B234-35D5-5E82A9954CB2}.Release|Any CPU.Build.0 = Release|Any CPU
		{48CFF5E7-1458-85AD-1C82-43342F2C5C0F}.Debug|Any CPU.ActiveCfg = Debug|Any CPU
		{48CFF5E7-1458-85AD-1C82-43342F2C5C0F}.Debug|Any CPU.Build.0 = Debug|Any CPU
		{48CFF5E7-1458-85AD-1C82-43342F2C5C0F}.Release|Any CPU.ActiveCfg = Release|Any CPU
		{48CFF5E7-1458-85AD-1C82-43342F2C5C0F}.Release|Any CPU.Build.0 = Release|Any CPU
		{741B2330-3967-46AC-7258-42622C59A7AF}.Debug|Any CPU.ActiveCfg = Debug|Any CPU
		{741B2330-3967-46AC-7258-42622C59A7AF}.Debug|Any CPU.Build.0 = Debug|Any CPU
		{741B2330-3967-46AC-7258-42622C59A7AF}.Release|Any CPU.ActiveCfg = Release|Any CPU
		{741B2330-3967-46AC-7258-42622C59A7AF}.Release|Any CPU.Build.0 = Release|Any CPU
		{E997BFC3-59E1-2E06-2B01-567B3E39FF63}.Debug|Any CPU.ActiveCfg = Debug|Any CPU
		{E997BFC3-59E1-2E06-2B01-567B3E39FF63}.Debug|Any CPU.Build.0 = Debug|Any CPU
		{E997BFC3-59E1-2E06-2B01-567B3E39FF63}.Release|Any CPU.ActiveCfg = Release|Any CPU
		{E997BFC3-59E1-2E06-2B01-567B3E39FF63}.Release|Any CPU.Build.0 = Release|Any CPU
		{ECFDADC0-D3A5-B3DC-FFE5-CFA9A10CCC1B}.Debug|Any CPU.ActiveCfg = Debug|Any CPU
		{ECFDADC0-D3A5-B3DC-FFE5-CFA9A10CCC1B}.Debug|Any CPU.Build.0 = Debug|Any CPU
		{ECFDADC0-D3A5-B3DC-FFE5-CFA9A10CCC1B}.Release|Any CPU.ActiveCfg = Release|Any CPU
		{ECFDADC0-D3A5-B3DC-FFE5-CFA9A10CCC1B}.Release|Any CPU.Build.0 = Release|Any CPU
	EndGlobalSection
	GlobalSection(SolutionProperties) = preSolution
		HideSolutionNode = FALSE
	EndGlobalSection
EndGlobal
